PODS:
  - ChopraSSO (1.0.1)

DEPENDENCIES:
  - ChopraSSO (from `git@github.com:stylers-llc/chopra-account-ios-sdk.git`)

EXTERNAL SOURCES:
  ChopraSSO:
    :git: git@github.com:stylers-llc/chopra-account-ios-sdk.git

CHECKOUT OPTIONS:
  ChopraSSO:
    :commit: c82ea57e5a2209aa82b2c938951ab168bbda0c14
    :git: git@github.com:stylers-llc/chopra-account-ios-sdk.git

SPEC CHECKSUMS:
  ChopraSSO: 777433126c0a3da61954be7afd93253e883640d5

PODFILE CHECKSUM: c1575e64388064afb602ebf90ec3ec1df91107d5

COCOAPODS: 1.1.1
