PODS:
  - ChopraSSO (1.0.3)

DEPENDENCIES:
  - ChopraSSO (from `git@github.com:stylers-llc/chopra-account-ios-sdk.git`)

EXTERNAL SOURCES:
  ChopraSSO:
    :git: git@github.com:stylers-llc/chopra-account-ios-sdk.git

CHECKOUT OPTIONS:
  ChopraSSO:
    :commit: 07da072e3a34ff9714041f773d73f2340f6bd101
    :git: git@github.com:stylers-llc/chopra-account-ios-sdk.git

SPEC CHECKSUMS:
  ChopraSSO: 8d20a685286616e1198936a880e2c3b80cadecbf

PODFILE CHECKSUM: c1575e64388064afb602ebf90ec3ec1df91107d5

COCOAPODS: 1.1.1
